Microsoft Visual Studio Solution File, Format Version 11.00
# Visual Studio 2008

Project("{43D19A2D-B9C6-89A1-0083-D1D060E6920C}") = "Potato Adventure", "Assembly-CSharp.csproj", "{8D7CDBB1-2E92-A049-541D-8E37FC8C7238}"
EndProject
Global
	GlobalSection(SolutionConfigurationPlatforms) = preSolution
		Debug|Any CPU = Debug|Any CPU
		Release|Any CPU = Release|Any CPU
	EndGlobalSection
	GlobalSection(ProjectConfigurationPlatforms) = postSolution
		{8D7CDBB1-2E92-A049-541D-8E37FC8C7238}.Debug|Any CPU.ActiveCfg = Debug|Any CPU
		{8D7CDBB1-2E92-A049-541D-8E37FC8C7238}.Debug|Any CPU.Build.0 = Debug|Any CPU
		{8D7CDBB1-2E92-A049-541D-8E37FC8C7238}.Release|Any CPU.ActiveCfg = Release|Any CPU
		{8D7CDBB1-2E92-A049-541D-8E37FC8C7238}.Release|Any CPU.Build.0 = Release|Any CPU
	EndGlobalSection
	GlobalSection(SolutionProperties) = preSolution
		HideSolutionNode = FALSE
	EndGlobalSection
	GlobalSection(MonoDevelopProperties) = preSolution
		StartupItem = Assembly-CSharp.csproj
	EndGlobalSection
EndGlobal
